
Microsoft Visual Studio Solution File, Format Version 10.00
# Visual Studio 2008
Project("{FAE04EC0-301F-11D3-BF4B-00C04F79EFBC}") = "MavenBuildTesting", "MavenBuildTesting.csproj", "{F749BE7D-80C8-4470-92FC-6A551153F715}"
EndProject
Global
	GlobalSection(SolutionConfigurationPlatforms) = preSolution
		Debug|Any CPU = Debug|Any CPU
		Release|Any CPU = Release|Any CPU
	EndGlobalSection
	GlobalSection(ProjectConfigurationPlatforms) = postSolution
		{F749BE7D-80C8-4470-92FC-6A551153F715}.Debug|Any CPU.ActiveCfg = Debug|Any CPU
		{F749BE7D-80C8-4470-92FC-6A551153F715}.Debug|Any CPU.Build.0 = Debug|Any CPU
		{F749BE7D-80C8-4470-92FC-6A551153F715}.Release|Any CPU.ActiveCfg = Release|Any CPU
		{F749BE7D-80C8-4470-92FC-6A551153F715}.Release|Any CPU.Build.0 = Release|Any CPU
	EndGlobalSection
	GlobalSection(SolutionProperties) = preSolution
		HideSolutionNode = FALSE
	EndGlobalSection
EndGlobal
